
Microsoft Visual Studio Solution File, Format Version 12.00
# Visual Studio 2013
VisualStudioVersion = 12.0.21005.1
MinimumVisualStudioVersion = 10.0.40219.1
Project("{FAE04EC0-301F-11D3-BF4B-00C04F79EFBC}") = "OSMS_Emperor", "OSMS_Emperor\OSMS_Emperor.csproj", "{C395E2A1-87D3-4A6D-AB37-4DCD4E9B6A57}"
EndProject
Project("{FAE04EC0-301F-11D3-BF4B-00C04F79EFBC}") = "IrisSkins", "IrisSkins\IrisSkins.csproj", "{8A6367E7-BB7F-4238-BF4D-774C1F8DE793}"
EndProject
Project("{FAE04EC0-301F-11D3-BF4B-00C04F79EFBC}") = "Print", "Print\Print.csproj", "{E29AD75F-2BCF-4188-A7FA-9604D543A4D9}"
EndProject
Global
	GlobalSection(SolutionConfigurationPlatforms) = preSolution
		Debug|Any CPU = Debug|Any CPU
		Release|Any CPU = Release|Any CPU
	EndGlobalSection
	GlobalSection(ProjectConfigurationPlatforms) = postSolution
		{C395E2A1-87D3-4A6D-AB37-4DCD4E9B6A57}.Debug|Any CPU.ActiveCfg = Debug|Any CPU
		{C395E2A1-87D3-4A6D-AB37-4DCD4E9B6A57}.Debug|Any CPU.Build.0 = Debug|Any CPU
		{C395E2A1-87D3-4A6D-AB37-4DCD4E9B6A57}.Release|Any CPU.ActiveCfg = Release|Any CPU
		{C395E2A1-87D3-4A6D-AB37-4DCD4E9B6A57}.Release|Any CPU.Build.0 = Release|Any CPU
		{8A6367E7-BB7F-4238-BF4D-774C1F8DE793}.Debug|Any CPU.ActiveCfg = Debug|Any CPU
		{8A6367E7-BB7F-4238-BF4D-774C1F8DE793}.Debug|Any CPU.Build.0 = Debug|Any CPU
		{8A6367E7-BB7F-4238-BF4D-774C1F8DE793}.Release|Any CPU.ActiveCfg = Release|Any CPU
		{8A6367E7-BB7F-4238-BF4D-774C1F8DE793}.Release|Any CPU.Build.0 = Release|Any CPU
		{E29AD75F-2BCF-4188-A7FA-9604D543A4D9}.Debug|Any CPU.ActiveCfg = Debug|Any CPU
		{E29AD75F-2BCF-4188-A7FA-9604D543A4D9}.Debug|Any CPU.Build.0 = Debug|Any CPU
		{E29AD75F-2BCF-4188-A7FA-9604D543A4D9}.Release|Any CPU.ActiveCfg = Release|Any CPU
		{E29AD75F-2BCF-4188-A7FA-9604D543A4D9}.Release|Any CPU.Build.0 = Release|Any CPU
	EndGlobalSection
	GlobalSection(SolutionProperties) = preSolution
		HideSolutionNode = FALSE
	EndGlobalSection
EndGlobal
